// !$*UTF8*$!
{
	archiveVersion = 1;
	classes = {
	};
	objectVersion = 77;
	objects = {

/* Begin PBXBuildFile section */
		0283FD1C2E44B1BC0028694A /* IQKeyboardManagerSwift in Frameworks */ = {isa = PBXBuildFile; productRef = 0283FD1B2E44B1BC0028694A /* IQKeyboardManagerSwift */; };
		2A5245022E38FFB6002C2057 /* README.md in Resources */ = {isa = PBXBuildFile; fileRef = 2A5245012E38FFB0002C2057 /* README.md */; };
		42065CEDD93C40A2DA94C2C4 /* Pods_Flash_Chat_iOS18_Flash_Chat_iOS18UITests.framework in Frameworks */ = {isa = PBXBuildFile; fileRef = 03DA1CD9A94FF7A44802028F /* Pods_Flash_Chat_iOS18_Flash_Chat_iOS18UITests.framework */; };
		83072FA61A716566595AD096 /* Pods_Flash_Chat_iOS18.framework in Frameworks */ = {isa = PBXBuildFile; fileRef = B9249A2F02A4CF0439FBE1C7 /* Pods_Flash_Chat_iOS18.framework */; };
		CA48AAC39C02EF9A22A0C021 /* Pods_Flash_Chat_iOS18Tests.framework in Frameworks */ = {isa = PBXBuildFile; fileRef = E9BFD7391F5ABB7FF3CFD36A /* Pods_Flash_Chat_iOS18Tests.framework */; };
/* End PBXBuildFile section */

/* Begin PBXContainerItemProxy section */
		2A5244E12E38FF01002C2057 /* PBXContainerItemProxy */ = {
			isa = PBXContainerItemProxy;
			containerPortal = 2A5244C22E38FEFF002C2057 /* Project object */;
			proxyType = 1;
			remoteGlobalIDString = 2A5244C92E38FEFF002C2057;
			remoteInfo = "Flash-Chat-iOS18";
		};
		2A5244EB2E38FF01002C2057 /* PBXContainerItemProxy */ = {
			isa = PBXContainerItemProxy;
			containerPortal = 2A5244C22E38FEFF002C2057 /* Project object */;
			proxyType = 1;
			remoteGlobalIDString = 2A5244C92E38FEFF002C2057;
			remoteInfo = "Flash-Chat-iOS18";
		};
/* End PBXContainerItemProxy section */

/* Begin PBXFileReference section */
		03DA1CD9A94FF7A44802028F /* Pods_Flash_Chat_iOS18_Flash_Chat_iOS18UITests.framework */ = {isa = PBXFileReference; explicitFileType = wrapper.framework; includeInIndex = 0; path = Pods_Flash_Chat_iOS18_Flash_Chat_iOS18UITests.framework; sourceTree = BUILT_PRODUCTS_DIR; };
		2A5244CA2E38FEFF002C2057 /* Flash Chat.app */ = {isa = PBXFileReference; explicitFileType = wrapper.application; includeInIndex = 0; path = "Flash Chat.app"; sourceTree = BUILT_PRODUCTS_DIR; };
		2A5244E02E38FF01002C2057 /* Flash-Chat-iOS18Tests.xctest */ = {isa = PBXFileReference; explicitFileType = wrapper.cfbundle; includeInIndex = 0; path = "Flash-Chat-iOS18Tests.xctest"; sourceTree = BUILT_PRODUCTS_DIR; };
		2A5244EA2E38FF01002C2057 /* Flash-Chat-iOS18UITests.xctest */ = {isa = PBXFileReference; explicitFileType = wrapper.cfbundle; includeInIndex = 0; path = "Flash-Chat-iOS18UITests.xctest"; sourceTree = BUILT_PRODUCTS_DIR; };
		2A5245012E38FFB0002C2057 /* README.md */ = {isa = PBXFileReference; lastKnownFileType = net.daringfireball.markdown; path = README.md; sourceTree = "<group>"; };
		5AD93290C051C6C8EF4D1101 /* Pods-Flash-Chat-iOS18.debug.xcconfig */ = {isa = PBXFileReference; includeInIndex = 1; lastKnownFileType = text.xcconfig; name = "Pods-Flash-Chat-iOS18.debug.xcconfig"; path = "Target Support Files/Pods-Flash-Chat-iOS18/Pods-Flash-Chat-iOS18.debug.xcconfig"; sourceTree = "<group>"; };
		5BAAABE4D5CBEBEBF39E93D0 /* Pods-Flash-Chat-iOS18-Flash-Chat-iOS18UITests.release.xcconfig */ = {isa = PBXFileReference; includeInIndex = 1; lastKnownFileType = text.xcconfig; name = "Pods-Flash-Chat-iOS18-Flash-Chat-iOS18UITests.release.xcconfig"; path = "Target Support Files/Pods-Flash-Chat-iOS18-Flash-Chat-iOS18UITests/Pods-Flash-Chat-iOS18-Flash-Chat-iOS18UITests.release.xcconfig"; sourceTree = "<group>"; };
		6149DB5AF2E1785548F5CFEB /* Pods-Flash-Chat-iOS18-Flash-Chat-iOS18UITests.debug.xcconfig */ = {isa = PBXFileReference; includeInIndex = 1; lastKnownFileType = text.xcconfig; name = "Pods-Flash-Chat-iOS18-Flash-Chat-iOS18UITests.debug.xcconfig"; path = "Target Support Files/Pods-Flash-Chat-iOS18-Flash-Chat-iOS18UITests/Pods-Flash-Chat-iOS18-Flash-Chat-iOS18UITests.debug.xcconfig"; sourceTree = "<group>"; };
		A67AB4233450D82685DA8CC4 /* Pods-Flash-Chat-iOS18.release.xcconfig */ = {isa = PBXFileReference; includeInIndex = 1; lastKnownFileType = text.xcconfig; name = "Pods-Flash-Chat-iOS18.release.xcconfig"; path = "Target Support Files/Pods-Flash-Chat-iOS18/Pods-Flash-Chat-iOS18.release.xcconfig"; sourceTree = "<group>"; };
		B9249A2F02A4CF0439FBE1C7 /* Pods_Flash_Chat_iOS18.framework */ = {isa = PBXFileReference; explicitFileType = wrapper.framework; includeInIndex = 0; path = Pods_Flash_Chat_iOS18.framework; sourceTree = BUILT_PRODUCTS_DIR; };
		C00AA733A3260A8D512FC012 /* Pods-Flash-Chat-iOS18Tests.debug.xcconfig */ = {isa = PBXFileReference; includeInIndex = 1; lastKnownFileType = text.xcconfig; name = "Pods-Flash-Chat-iOS18Tests.debug.xcconfig"; path = "Target Support Files/Pods-Flash-Chat-iOS18Tests/Pods-Flash-Chat-iOS18Tests.debug.xcconfig"; sourceTree = "<group>"; };
		E9BFD7391F5ABB7FF3CFD36A /* Pods_Flash_Chat_iOS18Tests.framework */ = {isa = PBXFileReference; explicitFileType = wrapper.framework; includeInIndex = 0; path = Pods_Flash_Chat_iOS18Tests.framework; sourceTree = BUILT_PRODUCTS_DIR; };
		F087D797E3F47BE9B0CCC423 /* Pods-Flash-Chat-iOS18Tests.release.xcconfig */ = {isa = PBXFileReference; includeInIndex = 1; lastKnownFileType = text.xcconfig; name = "Pods-Flash-Chat-iOS18Tests.release.xcconfig"; path = "Target Support Files/Pods-Flash-Chat-iOS18Tests/Pods-Flash-Chat-iOS18Tests.release.xcconfig"; sourceTree = "<group>"; };
/* End PBXFileReference section */

/* Begin PBXFileSystemSynchronizedBuildFileExceptionSet section */
		2A5244F22E38FF01002C2057 /* Exceptions for "Flash-Chat-iOS18" folder in "Flash-Chat-iOS18" target */ = {
			isa = PBXFileSystemSynchronizedBuildFileExceptionSet;
			membershipExceptions = (
				Info.plist,
			);
			target = 2A5244C92E38FEFF002C2057 /* Flash-Chat-iOS18 */;
		};
/* End PBXFileSystemSynchronizedBuildFileExceptionSet section */

/* Begin PBXFileSystemSynchronizedRootGroup section */
		2A5244CC2E38FEFF002C2057 /* Flash-Chat-iOS18 */ = {
			isa = PBXFileSystemSynchronizedRootGroup;
			exceptions = (
				2A5244F22E38FF01002C2057 /* Exceptions for "Flash-Chat-iOS18" folder in "Flash-Chat-iOS18" target */,
			);
			path = "Flash-Chat-iOS18";
			sourceTree = "<group>";
		};
		2A5244E32E38FF01002C2057 /* Flash-Chat-iOS18Tests */ = {
			isa = PBXFileSystemSynchronizedRootGroup;
			path = "Flash-Chat-iOS18Tests";
			sourceTree = "<group>";
		};
		2A5244ED2E38FF01002C2057 /* Flash-Chat-iOS18UITests */ = {
			isa = PBXFileSystemSynchronizedRootGroup;
			path = "Flash-Chat-iOS18UITests";
			sourceTree = "<group>";
		};
/* End PBXFileSystemSynchronizedRootGroup section */

/* Begin PBXFrameworksBuildPhase section */
		2A5244C72E38FEFF002C2057 /* Frameworks */ = {
			isa = PBXFrameworksBuildPhase;
			buildActionMask = 2147483647;
			files = (
				83072FA61A716566595AD096 /* Pods_Flash_Chat_iOS18.framework in Frameworks */,
				0283FD1C2E44B1BC0028694A /* IQKeyboardManagerSwift in Frameworks */,
			);
			runOnlyForDeploymentPostprocessing = 0;
		};
		2A5244DD2E38FF01002C2057 /* Frameworks */ = {
			isa = PBXFrameworksBuildPhase;
			buildActionMask = 2147483647;
			files = (
				CA48AAC39C02EF9A22A0C021 /* Pods_Flash_Chat_iOS18Tests.framework in Frameworks */,
			);
			runOnlyForDeploymentPostprocessing = 0;
		};
		2A5244E72E38FF01002C2057 /* Frameworks */ = {
			isa = PBXFrameworksBuildPhase;
			buildActionMask = 2147483647;
			files = (
				42065CEDD93C40A2DA94C2C4 /* Pods_Flash_Chat_iOS18_Flash_Chat_iOS18UITests.framework in Frameworks */,
			);
			runOnlyForDeploymentPostprocessing = 0;
		};
/* End PBXFrameworksBuildPhase section */

/* Begin PBXGroup section */
		2A5244C12E38FEFF002C2057 = {
			isa = PBXGroup;
			children = (
				2A5245012E38FFB0002C2057 /* README.md */,
				2A5244CC2E38FEFF002C2057 /* Flash-Chat-iOS18 */,
				2A5244E32E38FF01002C2057 /* Flash-Chat-iOS18Tests */,
				2A5244ED2E38FF01002C2057 /* Flash-Chat-iOS18UITests */,
				2A5244CB2E38FEFF002C2057 /* Products */,
				EFC096A4AE36E98BA63FAE08 /* Pods */,
				D711FEE805A40D5835A50207 /* Frameworks */,
			);
			sourceTree = "<group>";
		};
		2A5244CB2E38FEFF002C2057 /* Products */ = {
			isa = PBXGroup;
			children = (
				2A5244CA2E38FEFF002C2057 /* Flash Chat.app */,
				2A5244E02E38FF01002C2057 /* Flash-Chat-iOS18Tests.xctest */,
				2A5244EA2E38FF01002C2057 /* Flash-Chat-iOS18UITests.xctest */,
			);
			name = Products;
			sourceTree = "<group>";
		};
		D711FEE805A40D5835A50207 /* Frameworks */ = {
			isa = PBXGroup;
			children = (
				B9249A2F02A4CF0439FBE1C7 /* Pods_Flash_Chat_iOS18.framework */,
				03DA1CD9A94FF7A44802028F /* Pods_Flash_Chat_iOS18_Flash_Chat_iOS18UITests.framework */,
				E9BFD7391F5ABB7FF3CFD36A /* Pods_Flash_Chat_iOS18Tests.framework */,
			);
			name = Frameworks;
			sourceTree = "<group>";
		};
		EFC096A4AE36E98BA63FAE08 /* Pods */ = {
			isa = PBXGroup;
			children = (
				5AD93290C051C6C8EF4D1101 /* Pods-Flash-Chat-iOS18.debug.xcconfig */,
				A67AB4233450D82685DA8CC4 /* Pods-Flash-Chat-iOS18.release.xcconfig */,
				6149DB5AF2E1785548F5CFEB /* Pods-Flash-Chat-iOS18-Flash-Chat-iOS18UITests.debug.xcconfig */,
				5BAAABE4D5CBEBEBF39E93D0 /* Pods-Flash-Chat-iOS18-Flash-Chat-iOS18UITests.release.xcconfig */,
				C00AA733A3260A8D512FC012 /* Pods-Flash-Chat-iOS18Tests.debug.xcconfig */,
				F087D797E3F47BE9B0CCC423 /* Pods-Flash-Chat-iOS18Tests.release.xcconfig */,
			);
			path = Pods;
			sourceTree = "<group>";
		};
/* End PBXGroup section */

/* Begin PBXNativeTarget section */
		2A5244C92E38FEFF002C2057 /* Flash-Chat-iOS18 */ = {
			isa = PBXNativeTarget;
			buildConfigurationList = 2A5244F32E38FF01002C2057 /* Build configuration list for PBXNativeTarget "Flash-Chat-iOS18" */;
			buildPhases = (
				7502F0EDEF02D8155065F2A2 /* [CP] Check Pods Manifest.lock */,
				2A5244C62E38FEFF002C2057 /* Sources */,
				2A5244C72E38FEFF002C2057 /* Frameworks */,
				2A5244C82E38FEFF002C2057 /* Resources */,
				EAA20B74071C5E2D04E4C38B /* [CP] Embed Pods Frameworks */,
			);
			buildRules = (
			);
			dependencies = (
			);
			fileSystemSynchronizedGroups = (
				2A5244CC2E38FEFF002C2057 /* Flash-Chat-iOS18 */,
			);
			name = "Flash-Chat-iOS18";
			productName = "Flash-Chat-iOS18";
			productReference = 2A5244CA2E38FEFF002C2057 /* Flash Chat.app */;
			productType = "com.apple.product-type.application";
		};
		2A5244DF2E38FF01002C2057 /* Flash-Chat-iOS18Tests */ = {
			isa = PBXNativeTarget;
			buildConfigurationList = 2A5244F82E38FF01002C2057 /* Build configuration list for PBXNativeTarget "Flash-Chat-iOS18Tests" */;
			buildPhases = (
				EF988B3E40B759E70DA528E5 /* [CP] Check Pods Manifest.lock */,
				2A5244DC2E38FF01002C2057 /* Sources */,
				2A5244DD2E38FF01002C2057 /* Frameworks */,
				2A5244DE2E38FF01002C2057 /* Resources */,
			);
			buildRules = (
			);
			dependencies = (
				2A5244E22E38FF01002C2057 /* PBXTargetDependency */,
			);
			fileSystemSynchronizedGroups = (
				2A5244E32E38FF01002C2057 /* Flash-Chat-iOS18Tests */,
			);
			name = "Flash-Chat-iOS18Tests";
			productName = "Flash-Chat-iOS18Tests";
			productReference = 2A5244E02E38FF01002C2057 /* Flash-Chat-iOS18Tests.xctest */;
			productType = "com.apple.product-type.bundle.unit-test";
		};
		2A5244E92E38FF01002C2057 /* Flash-Chat-iOS18UITests */ = {
			isa = PBXNativeTarget;
			buildConfigurationList = 2A5244FB2E38FF01002C2057 /* Build configuration list for PBXNativeTarget "Flash-Chat-iOS18UITests" */;
			buildPhases = (
				19B284D3875950F8B10A5450 /* [CP] Check Pods Manifest.lock */,
				2A5244E62E38FF01002C2057 /* Sources */,
				2A5244E72E38FF01002C2057 /* Frameworks */,
				2A5244E82E38FF01002C2057 /* Resources */,
				D1F151D262D91877B28B33CA /* [CP] Embed Pods Frameworks */,
			);
			buildRules = (
			);
			dependencies = (
				2A5244EC2E38FF01002C2057 /* PBXTargetDependency */,
			);
			fileSystemSynchronizedGroups = (
				2A5244ED2E38FF01002C2057 /* Flash-Chat-iOS18UITests */,
			);
			name = "Flash-Chat-iOS18UITests";
			productName = "Flash-Chat-iOS18UITests";
			productReference = 2A5244EA2E38FF01002C2057 /* Flash-Chat-iOS18UITests.xctest */;
			productType = "com.apple.product-type.bundle.ui-testing";
		};
/* End PBXNativeTarget section */

/* Begin PBXProject section */
		2A5244C22E38FEFF002C2057 /* Project object */ = {
			isa = PBXProject;
			attributes = {
				BuildIndependentTargetsInParallel = 1;
				LastSwiftUpdateCheck = 1620;
				LastUpgradeCheck = 1620;
				TargetAttributes = {
					2A5244C92E38FEFF002C2057 = {
						CreatedOnToolsVersion = 16.2;
					};
					2A5244DF2E38FF01002C2057 = {
						CreatedOnToolsVersion = 16.2;
						TestTargetID = 2A5244C92E38FEFF002C2057;
					};
					2A5244E92E38FF01002C2057 = {
						CreatedOnToolsVersion = 16.2;
						TestTargetID = 2A5244C92E38FEFF002C2057;
					};
				};
			};
			buildConfigurationList = 2A5244C52E38FEFF002C2057 /* Build configuration list for PBXProject "Flash-Chat-iOS18" */;
			developmentRegion = en;
			hasScannedForEncodings = 0;
			knownRegions = (
				en,
				Base,
			);
			mainGroup = 2A5244C12E38FEFF002C2057;
			minimizedProjectReferenceProxies = 1;
			packageReferences = (
				0283FD1A2E44B1BC0028694A /* XCRemoteSwiftPackageReference "IQKeyboardManager" */,
			);
			preferredProjectObjectVersion = 77;
			productRefGroup = 2A5244CB2E38FEFF002C2057 /* Products */;
			projectDirPath = "";
			projectRoot = "";
			targets = (
				2A5244C92E38FEFF002C2057 /* Flash-Chat-iOS18 */,
				2A5244DF2E38FF01002C2057 /* Flash-Chat-iOS18Tests */,
				2A5244E92E38FF01002C2057 /* Flash-Chat-iOS18UITests */,
			);
		};
/* End PBXProject section */

/* Begin PBXResourcesBuildPhase section */
		2A5244C82E38FEFF002C2057 /* Resources */ = {
			isa = PBXResourcesBuildPhase;
			buildActionMask = 2147483647;
			files = (
				2A5245022E38FFB6002C2057 /* README.md in Resources */,
			);
			runOnlyForDeploymentPostprocessing = 0;
		};
		2A5244DE2E38FF01002C2057 /* Resources */ = {
			isa = PBXResourcesBuildPhase;
			buildActionMask = 2147483647;
			files = (
			);
			runOnlyForDeploymentPostprocessing = 0;
		};
		2A5244E82E38FF01002C2057 /* Resources */ = {
			isa = PBXResourcesBuildPhase;
			buildActionMask = 2147483647;
			files = (
			);
			runOnlyForDeploymentPostprocessing = 0;
		};
/* End PBXResourcesBuildPhase section */

/* Begin PBXShellScriptBuildPhase section */
		19B284D3875950F8B10A5450 /* [CP] Check Pods Manifest.lock */ = {
			isa = PBXShellScriptBuildPhase;
			buildActionMask = 2147483647;
			files = (
			);
			inputFileListPaths = (
			);
			inputPaths = (
				"${PODS_PODFILE_DIR_PATH}/Podfile.lock",
				"${PODS_ROOT}/Manifest.lock",
			);
			name = "[CP] Check Pods Manifest.lock";
			outputFileListPaths = (
			);
			outputPaths = (
				"$(DERIVED_FILE_DIR)/Pods-Flash-Chat-iOS18-Flash-Chat-iOS18UITests-checkManifestLockResult.txt",
			);
			runOnlyForDeploymentPostprocessing = 0;
			shellPath = /bin/sh;
			shellScript = "diff \"${PODS_PODFILE_DIR_PATH}/Podfile.lock\" \"${PODS_ROOT}/Manifest.lock\" > /dev/null\nif [ $? != 0 ] ; then\n    # print error to STDERR\n    echo \"error: The sandbox is not in sync with the Podfile.lock. Run 'pod install' or update your CocoaPods installation.\" >&2\n    exit 1\nfi\n# This output is used by Xcode 'outputs' to avoid re-running this script phase.\necho \"SUCCESS\" > \"${SCRIPT_OUTPUT_FILE_0}\"\n";
			showEnvVarsInLog = 0;
		};
		7502F0EDEF02D8155065F2A2 /* [CP] Check Pods Manifest.lock */ = {
			isa = PBXShellScriptBuildPhase;
			buildActionMask = 2147483647;
			files = (
			);
			inputFileListPaths = (
			);
			inputPaths = (
				"${PODS_PODFILE_DIR_PATH}/Podfile.lock",
				"${PODS_ROOT}/Manifest.lock",
			);
			name = "[CP] Check Pods Manifest.lock";
			outputFileListPaths = (
			);
			outputPaths = (
				"$(DERIVED_FILE_DIR)/Pods-Flash-Chat-iOS18-checkManifestLockResult.txt",
			);
			runOnlyForDeploymentPostprocessing = 0;
			shellPath = /bin/sh;
			shellScript = "diff \"${PODS_PODFILE_DIR_PATH}/Podfile.lock\" \"${PODS_ROOT}/Manifest.lock\" > /dev/null\nif [ $? != 0 ] ; then\n    # print error to STDERR\n    echo \"error: The sandbox is not in sync with the Podfile.lock. Run 'pod install' or update your CocoaPods installation.\" >&2\n    exit 1\nfi\n# This output is used by Xcode 'outputs' to avoid re-running this script phase.\necho \"SUCCESS\" > \"${SCRIPT_OUTPUT_FILE_0}\"\n";
			showEnvVarsInLog = 0;
		};
		D1F151D262D91877B28B33CA /* [CP] Embed Pods Frameworks */ = {
			isa = PBXShellScriptBuildPhase;
			buildActionMask = 2147483647;
			files = (
			);
			inputFileListPaths = (
				"${PODS_ROOT}/Target Support Files/Pods-Flash-Chat-iOS18-Flash-Chat-iOS18UITests/Pods-Flash-Chat-iOS18-Flash-Chat-iOS18UITests-frameworks-${CONFIGURATION}-input-files.xcfilelist",
			);
			inputPaths = (
			);
			name = "[CP] Embed Pods Frameworks";
			outputFileListPaths = (
				"${PODS_ROOT}/Target Support Files/Pods-Flash-Chat-iOS18-Flash-Chat-iOS18UITests/Pods-Flash-Chat-iOS18-Flash-Chat-iOS18UITests-frameworks-${CONFIGURATION}-output-files.xcfilelist",
			);
			outputPaths = (
			);
			runOnlyForDeploymentPostprocessing = 0;
			shellPath = /bin/sh;
			shellScript = "\"${PODS_ROOT}/Target Support Files/Pods-Flash-Chat-iOS18-Flash-Chat-iOS18UITests/Pods-Flash-Chat-iOS18-Flash-Chat-iOS18UITests-frameworks.sh\"\n";
			showEnvVarsInLog = 0;
		};
		EAA20B74071C5E2D04E4C38B /* [CP] Embed Pods Frameworks */ = {
			isa = PBXShellScriptBuildPhase;
			buildActionMask = 2147483647;
			files = (
			);
			inputFileListPaths = (
				"${PODS_ROOT}/Target Support Files/Pods-Flash-Chat-iOS18/Pods-Flash-Chat-iOS18-frameworks-${CONFIGURATION}-input-files.xcfilelist",
			);
			inputPaths = (
			);
			name = "[CP] Embed Pods Frameworks";
			outputFileListPaths = (
				"${PODS_ROOT}/Target Support Files/Pods-Flash-Chat-iOS18/Pods-Flash-Chat-iOS18-frameworks-${CONFIGURATION}-output-files.xcfilelist",
			);
			outputPaths = (
			);
			runOnlyForDeploymentPostprocessing = 0;
			shellPath = /bin/sh;
			shellScript = "\"${PODS_ROOT}/Target Support Files/Pods-Flash-Chat-iOS18/Pods-Flash-Chat-iOS18-frameworks.sh\"\n";
			showEnvVarsInLog = 0;
		};
		EF988B3E40B759E70DA528E5 /* [CP] Check Pods Manifest.lock */ = {
			isa = PBXShellScriptBuildPhase;
			buildActionMask = 2147483647;
			files = (
			);
			inputFileListPaths = (
			);
			inputPaths = (
				"${PODS_PODFILE_DIR_PATH}/Podfile.lock",
				"${PODS_ROOT}/Manifest.lock",
			);
			name = "[CP] Check Pods Manifest.lock";
			outputFileListPaths = (
			);
			outputPaths = (
				"$(DERIVED_FILE_DIR)/Pods-Flash-Chat-iOS18Tests-checkManifestLockResult.txt",
			);
			runOnlyForDeploymentPostprocessing = 0;
			shellPath = /bin/sh;
			shellScript = "diff \"${PODS_PODFILE_DIR_PATH}/Podfile.lock\" \"${PODS_ROOT}/Manifest.lock\" > /dev/null\nif [ $? != 0 ] ; then\n    # print error to STDERR\n    echo \"error: The sandbox is not in sync with the Podfile.lock. Run 'pod install' or update your CocoaPods installation.\" >&2\n    exit 1\nfi\n# This output is used by Xcode 'outputs' to avoid re-running this script phase.\necho \"SUCCESS\" > \"${SCRIPT_OUTPUT_FILE_0}\"\n";
			showEnvVarsInLog = 0;
		};
/* End PBXShellScriptBuildPhase section */

/* Begin PBXSourcesBuildPhase section */
		2A5244C62E38FEFF002C2057 /* Sources */ = {
			isa = PBXSourcesBuildPhase;
			buildActionMask = 2147483647;
			files = (
			);
			runOnlyForDeploymentPostprocessing = 0;
		};
		2A5244DC2E38FF01002C2057 /* Sources */ = {
			isa = PBXSourcesBuildPhase;
			buildActionMask = 2147483647;
			files = (
			);
			runOnlyForDeploymentPostprocessing = 0;
		};
		2A5244E62E38FF01002C2057 /* Sources */ = {
			isa = PBXSourcesBuildPhase;
			buildActionMask = 2147483647;
			files = (
			);
			runOnlyForDeploymentPostprocessing = 0;
		};
/* End PBXSourcesBuildPhase section */

/* Begin PBXTargetDependency section */
		2A5244E22E38FF01002C2057 /* PBXTargetDependency */ = {
			isa = PBXTargetDependency;
			target = 2A5244C92E38FEFF002C2057 /* Flash-Chat-iOS18 */;
			targetProxy = 2A5244E12E38FF01002C2057 /* PBXContainerItemProxy */;
		};
		2A5244EC2E38FF01002C2057 /* PBXTargetDependency */ = {
			isa = PBXTargetDependency;
			target = 2A5244C92E38FEFF002C2057 /* Flash-Chat-iOS18 */;
			targetProxy = 2A5244EB2E38FF01002C2057 /* PBXContainerItemProxy */;
		};
/* End PBXTargetDependency section */

/* Begin XCBuildConfiguration section */
		2A5244F42E38FF01002C2057 /* Debug */ = {
			isa = XCBuildConfiguration;
			baseConfigurationReference = 5AD93290C051C6C8EF4D1101 /* Pods-Flash-Chat-iOS18.debug.xcconfig */;
			buildSettings = {
				ASSETCATALOG_COMPILER_APPICON_NAME = AppIcon;
				ASSETCATALOG_COMPILER_GLOBAL_ACCENT_COLOR_NAME = AccentColor;
				CODE_SIGN_STYLE = Automatic;
				CURRENT_PROJECT_VERSION = 1;
				ENABLE_USER_SCRIPT_SANDBOXING = NO;
				GENERATE_INFOPLIST_FILE = YES;
				INFOPLIST_FILE = "Flash-Chat-iOS18/Info.plist";
				INFOPLIST_KEY_UIApplicationSupportsIndirectInputEvents = YES;
				INFOPLIST_KEY_UILaunchStoryboardName = LaunchScreen;
				INFOPLIST_KEY_UIMainStoryboardFile = Main;
				INFOPLIST_KEY_UISupportedInterfaceOrientations_iPad = "UIInterfaceOrientationPortrait UIInterfaceOrientationPortraitUpsideDown UIInterfaceOrientationLandscapeLeft UIInterfaceOrientationLandscapeRight";
				INFOPLIST_KEY_UISupportedInterfaceOrientations_iPhone = "UIInterfaceOrientationPortrait UIInterfaceOrientationLandscapeLeft UIInterfaceOrientationLandscapeRight";
				IPHONEOS_DEPLOYMENT_TARGET = 15.6;
				LD_RUNPATH_SEARCH_PATHS = (
					"$(inherited)",
					"@executable_path/Frameworks",
				);
				MARKETING_VERSION = 1.0;
				PRODUCT_BUNDLE_IDENTIFIER = com.logixphere.flashchats;
				PRODUCT_NAME = "Flash Chat";
				SWIFT_EMIT_LOC_STRINGS = YES;
				SWIFT_VERSION = 5.0;
				TARGETED_DEVICE_FAMILY = "1,2";
			};
			name = Debug;
		};
		2A5244F52E38FF01002C2057 /* Release */ = {
			isa = XCBuildConfiguration;
			baseConfigurationReference = A67AB4233450D82685DA8CC4 /* Pods-Flash-Chat-iOS18.release.xcconfig */;
			buildSettings = {
				ASSETCATALOG_COMPILER_APPICON_NAME = AppIcon;
				ASSETCATALOG_COMPILER_GLOBAL_ACCENT_COLOR_NAME = AccentColor;
				CODE_SIGN_STYLE = Automatic;
				CURRENT_PROJECT_VERSION = 1;
				ENABLE_USER_SCRIPT_SANDBOXING = NO;
				GENERATE_INFOPLIST_FILE = YES;
				INFOPLIST_FILE = "Flash-Chat-iOS18/Info.plist";
				INFOPLIST_KEY_UIApplicationSupportsIndirectInputEvents = YES;
				INFOPLIST_KEY_UILaunchStoryboardName = LaunchScreen;
				INFOPLIST_KEY_UIMainStoryboardFile = Main;
				INFOPLIST_KEY_UISupportedInterfaceOrientations_iPad = "UIInterfaceOrientationPortrait UIInterfaceOrientationPortraitUpsideDown UIInterfaceOrientationLandscapeLeft UIInterfaceOrientationLandscapeRight";
				INFOPLIST_KEY_UISupportedInterfaceOrientations_iPhone = "UIInterfaceOrientationPortrait UIInterfaceOrientationLandscapeLeft UIInterfaceOrientationLandscapeRight";
				IPHONEOS_DEPLOYMENT_TARGET = 15.6;
				LD_RUNPATH_SEARCH_PATHS = (
					"$(inherited)",
					"@executable_path/Frameworks",
				);
				MARKETING_VERSION = 1.0;
				PRODUCT_BUNDLE_IDENTIFIER = com.logixphere.flashchats;
				PRODUCT_NAME = "Flash Chat";
				SWIFT_EMIT_LOC_STRINGS = YES;
				SWIFT_VERSION = 5.0;
				TARGETED_DEVICE_FAMILY = "1,2";
			};
			name = Release;
		};
		2A5244F62E38FF01002C2057 /* Debug */ = {
			isa = XCBuildConfiguration;
			buildSettings = {
				ALWAYS_SEARCH_USER_PATHS = NO;
				ASSETCATALOG_COMPILER_GENERATE_SWIFT_ASSET_SYMBOL_EXTENSIONS = YES;
				CLANG_ANALYZER_NONNULL = YES;
				CLANG_ANALYZER_NUMBER_OBJECT_CONVERSION = YES_AGGRESSIVE;
				CLANG_CXX_LANGUAGE_STANDARD = "gnu++20";
				CLANG_ENABLE_MODULES = YES;
				CLANG_ENABLE_OBJC_ARC = YES;
				CLANG_ENABLE_OBJC_WEAK = YES;
				CLANG_WARN_BLOCK_CAPTURE_AUTORELEASING = YES;
				CLANG_WARN_BOOL_CONVERSION = YES;
				CLANG_WARN_COMMA = YES;
				CLANG_WARN_CONSTANT_CONVERSION = YES;
				CLANG_WARN_DEPRECATED_OBJC_IMPLEMENTATIONS = YES;
				CLANG_WARN_DIRECT_OBJC_ISA_USAGE = YES_ERROR;
				CLANG_WARN_DOCUMENTATION_COMMENTS = YES;
				CLANG_WARN_EMPTY_BODY = YES;
				CLANG_WARN_ENUM_CONVERSION = YES;
				CLANG_WARN_INFINITE_RECURSION = YES;
				CLANG_WARN_INT_CONVERSION = YES;
				CLANG_WARN_NON_LITERAL_NULL_CONVERSION = YES;
				CLANG_WARN_OBJC_IMPLICIT_RETAIN_SELF = YES;
				CLANG_WARN_OBJC_LITERAL_CONVERSION = YES;
				CLANG_WARN_OBJC_ROOT_CLASS = YES_ERROR;
				CLANG_WARN_QUOTED_INCLUDE_IN_FRAMEWORK_HEADER = YES;
				CLANG_WARN_RANGE_LOOP_ANALYSIS = YES;
				CLANG_WARN_STRICT_PROTOTYPES = YES;
				CLANG_WARN_SUSPICIOUS_MOVE = YES;
				CLANG_WARN_UNGUARDED_AVAILABILITY = YES_AGGRESSIVE;
				CLANG_WARN_UNREACHABLE_CODE = YES;
				CLANG_WARN__DUPLICATE_METHOD_MATCH = YES;
				COPY_PHASE_STRIP = NO;
				DEBUG_INFORMATION_FORMAT = dwarf;
				ENABLE_STRICT_OBJC_MSGSEND = YES;
				ENABLE_TESTABILITY = YES;
				ENABLE_USER_SCRIPT_SANDBOXING = YES;
				GCC_C_LANGUAGE_STANDARD = gnu17;
				GCC_DYNAMIC_NO_PIC = NO;
				GCC_NO_COMMON_BLOCKS = YES;
				GCC_OPTIMIZATION_LEVEL = 0;
				GCC_PREPROCESSOR_DEFINITIONS = (
					"DEBUG=1",
					"$(inherited)",
				);
				GCC_WARN_64_TO_32_BIT_CONVERSION = YES;
				GCC_WARN_ABOUT_RETURN_TYPE = YES_ERROR;
				GCC_WARN_UNDECLARED_SELECTOR = YES;
				GCC_WARN_UNINITIALIZED_AUTOS = YES_AGGRESSIVE;
				GCC_WARN_UNUSED_FUNCTION = YES;
				GCC_WARN_UNUSED_VARIABLE = YES;
				IPHONEOS_DEPLOYMENT_TARGET = 18.2;
				LOCALIZATION_PREFERS_STRING_CATALOGS = YES;
				MTL_ENABLE_DEBUG_INFO = INCLUDE_SOURCE;
				MTL_FAST_MATH = YES;
				ONLY_ACTIVE_ARCH = YES;
				SDKROOT = iphoneos;
				SWIFT_ACTIVE_COMPILATION_CONDITIONS = "DEBUG $(inherited)";
				SWIFT_OPTIMIZATION_LEVEL = "-Onone";
			};
			name = Debug;
		};
		2A5244F72E38FF01002C2057 /* Release */ = {
			isa = XCBuildConfiguration;
			buildSettings = {
				ALWAYS_SEARCH_USER_PATHS = NO;
				ASSETCATALOG_COMPILER_GENERATE_SWIFT_ASSET_SYMBOL_EXTENSIONS = YES;
				CLANG_ANALYZER_NONNULL = YES;
				CLANG_ANALYZER_NUMBER_OBJECT_CONVERSION = YES_AGGRESSIVE;
				CLANG_CXX_LANGUAGE_STANDARD = "gnu++20";
				CLANG_ENABLE_MODULES = YES;
				CLANG_ENABLE_OBJC_ARC = YES;
				CLANG_ENABLE_OBJC_WEAK = YES;
				CLANG_WARN_BLOCK_CAPTURE_AUTORELEASING = YES;
				CLANG_WARN_BOOL_CONVERSION = YES;
				CLANG_WARN_COMMA = YES;
				CLANG_WARN_CONSTANT_CONVERSION = YES;
				CLANG_WARN_DEPRECATED_OBJC_IMPLEMENTATIONS = YES;
				CLANG_WARN_DIRECT_OBJC_ISA_USAGE = YES_ERROR;
				CLANG_WARN_DOCUMENTATION_COMMENTS = YES;
				CLANG_WARN_EMPTY_BODY = YES;
				CLANG_WARN_ENUM_CONVERSION = YES;
				CLANG_WARN_INFINITE_RECURSION = YES;
				CLANG_WARN_INT_CONVERSION = YES;
				CLANG_WARN_NON_LITERAL_NULL_CONVERSION = YES;
				CLANG_WARN_OBJC_IMPLICIT_RETAIN_SELF = YES;
				CLANG_WARN_OBJC_LITERAL_CONVERSION = YES;
				CLANG_WARN_OBJC_ROOT_CLASS = YES_ERROR;
				CLANG_WARN_QUOTED_INCLUDE_IN_FRAMEWORK_HEADER = YES;
				CLANG_WARN_RANGE_LOOP_ANALYSIS = YES;
				CLANG_WARN_STRICT_PROTOTYPES = YES;
				CLANG_WARN_SUSPICIOUS_MOVE = YES;
				CLANG_WARN_UNGUARDED_AVAILABILITY = YES_AGGRESSIVE;
				CLANG_WARN_UNREACHABLE_CODE = YES;
				CLANG_WARN__DUPLICATE_METHOD_MATCH = YES;
				COPY_PHASE_STRIP = NO;
				DEBUG_INFORMATION_FORMAT = "dwarf-with-dsym";
				ENABLE_NS_ASSERTIONS = NO;
				ENABLE_STRICT_OBJC_MSGSEND = YES;
				ENABLE_USER_SCRIPT_SANDBOXING = YES;
				GCC_C_LANGUAGE_STANDARD = gnu17;
				GCC_NO_COMMON_BLOCKS = YES;
				GCC_WARN_64_TO_32_BIT_CONVERSION = YES;
				GCC_WARN_ABOUT_RETURN_TYPE = YES_ERROR;
				GCC_WARN_UNDECLARED_SELECTOR = YES;
				GCC_WARN_UNINITIALIZED_AUTOS = YES_AGGRESSIVE;
				GCC_WARN_UNUSED_FUNCTION = YES;
				GCC_WARN_UNUSED_VARIABLE = YES;
				IPHONEOS_DEPLOYMENT_TARGET = 18.2;
				LOCALIZATION_PREFERS_STRING_CATALOGS = YES;
				MTL_ENABLE_DEBUG_INFO = NO;
				MTL_FAST_MATH = YES;
				SDKROOT = iphoneos;
				SWIFT_COMPILATION_MODE = wholemodule;
				VALIDATE_PRODUCT = YES;
			};
			name = Release;
		};
		2A5244F92E38FF01002C2057 /* Debug */ = {
			isa = XCBuildConfiguration;
			baseConfigurationReference = C00AA733A3260A8D512FC012 /* Pods-Flash-Chat-iOS18Tests.debug.xcconfig */;
			buildSettings = {
				BUNDLE_LOADER = "$(TEST_HOST)";
				CODE_SIGN_STYLE = Automatic;
				CURRENT_PROJECT_VERSION = 1;
				GENERATE_INFOPLIST_FILE = YES;
				IPHONEOS_DEPLOYMENT_TARGET = 18.2;
				MARKETING_VERSION = 1.0;
				PRODUCT_BUNDLE_IDENTIFIER = "com.logixphere.Flash-Chat-iOS18Tests";
				PRODUCT_NAME = "$(TARGET_NAME)";
				SWIFT_EMIT_LOC_STRINGS = NO;
				SWIFT_VERSION = 5.0;
				TARGETED_DEVICE_FAMILY = "1,2";
				TEST_HOST = "$(BUILT_PRODUCTS_DIR)/Flash-Chat-iOS18.app/$(BUNDLE_EXECUTABLE_FOLDER_PATH)/Flash-Chat-iOS18";
			};
			name = Debug;
		};
		2A5244FA2E38FF01002C2057 /* Release */ = {
			isa = XCBuildConfiguration;
			baseConfigurationReference = F087D797E3F47BE9B0CCC423 /* Pods-Flash-Chat-iOS18Tests.release.xcconfig */;
			buildSettings = {
				BUNDLE_LOADER = "$(TEST_HOST)";
				CODE_SIGN_STYLE = Automatic;
				CURRENT_PROJECT_VERSION = 1;
				GENERATE_INFOPLIST_FILE = YES;
				IPHONEOS_DEPLOYMENT_TARGET = 18.2;
				MARKETING_VERSION = 1.0;
				PRODUCT_BUNDLE_IDENTIFIER = "com.logixphere.Flash-Chat-iOS18Tests";
				PRODUCT_NAME = "$(TARGET_NAME)";
				SWIFT_EMIT_LOC_STRINGS = NO;
				SWIFT_VERSION = 5.0;
				TARGETED_DEVICE_FAMILY = "1,2";
				TEST_HOST = "$(BUILT_PRODUCTS_DIR)/Flash-Chat-iOS18.app/$(BUNDLE_EXECUTABLE_FOLDER_PATH)/Flash-Chat-iOS18";
			};
			name = Release;
		};
		2A5244FC2E38FF01002C2057 /* Debug */ = {
			isa = XCBuildConfiguration;
			baseConfigurationReference = 6149DB5AF2E1785548F5CFEB /* Pods-Flash-Chat-iOS18-Flash-Chat-iOS18UITests.debug.xcconfig */;
			buildSettings = {
				CODE_SIGN_STYLE = Automatic;
				CURRENT_PROJECT_VERSION = 1;
				GENERATE_INFOPLIST_FILE = YES;
				MARKETING_VERSION = 1.0;
				PRODUCT_BUNDLE_IDENTIFIER = "com.logixphere.Flash-Chat-iOS18UITests";
				PRODUCT_NAME = "$(TARGET_NAME)";
				SWIFT_EMIT_LOC_STRINGS = NO;
				SWIFT_VERSION = 5.0;
				TARGETED_DEVICE_FAMILY = "1,2";
				TEST_TARGET_NAME = "Flash-Chat-iOS18";
			};
			name = Debug;
		};
		2A5244FD2E38FF01002C2057 /* Release */ = {
			isa = XCBuildConfiguration;
			baseConfigurationReference = 5BAAABE4D5CBEBEBF39E93D0 /* Pods-Flash-Chat-iOS18-Flash-Chat-iOS18UITests.release.xcconfig */;
			buildSettings = {
				CODE_SIGN_STYLE = Automatic;
				CURRENT_PROJECT_VERSION = 1;
				GENERATE_INFOPLIST_FILE = YES;
				MARKETING_VERSION = 1.0;
				PRODUCT_BUNDLE_IDENTIFIER = "com.logixphere.Flash-Chat-iOS18UITests";
				PRODUCT_NAME = "$(TARGET_NAME)";
				SWIFT_EMIT_LOC_STRINGS = NO;
				SWIFT_VERSION = 5.0;
				TARGETED_DEVICE_FAMILY = "1,2";
				TEST_TARGET_NAME = "Flash-Chat-iOS18";
			};
			name = Release;
		};
/* End XCBuildConfiguration section */

/* Begin XCConfigurationList section */
		2A5244C52E38FEFF002C2057 /* Build configuration list for PBXProject "Flash-Chat-iOS18" */ = {
			isa = XCConfigurationList;
			buildConfigurations = (
				2A5244F62E38FF01002C2057 /* Debug */,
				2A5244F72E38FF01002C2057 /* Release */,
			);
			defaultConfigurationIsVisible = 0;
			defaultConfigurationName = Release;
		};
		2A5244F32E38FF01002C2057 /* Build configuration list for PBXNativeTarget "Flash-Chat-iOS18" */ = {
			isa = XCConfigurationList;
			buildConfigurations = (
				2A5244F42E38FF01002C2057 /* Debug */,
				2A5244F52E38FF01002C2057 /* Release */,
			);
			defaultConfigurationIsVisible = 0;
			defaultConfigurationName = Release;
		};
		2A5244F82E38FF01002C2057 /* Build configuration list for PBXNativeTarget "Flash-Chat-iOS18Tests" */ = {
			isa = XCConfigurationList;
			buildConfigurations = (
				2A5244F92E38FF01002C2057 /* Debug */,
				2A5244FA2E38FF01002C2057 /* Release */,
			);
			defaultConfigurationIsVisible = 0;
			defaultConfigurationName = Release;
		};
		2A5244FB2E38FF01002C2057 /* Build configuration list for PBXNativeTarget "Flash-Chat-iOS18UITests" */ = {
			isa = XCConfigurationList;
			buildConfigurations = (
				2A5244FC2E38FF01002C2057 /* Debug */,
				2A5244FD2E38FF01002C2057 /* Release */,
			);
			defaultConfigurationIsVisible = 0;
			defaultConfigurationName = Release;
		};
/* End XCConfigurationList section */

/* Begin XCRemoteSwiftPackageReference section */
		0283FD1A2E44B1BC0028694A /* XCRemoteSwiftPackageReference "IQKeyboardManager" */ = {
			isa = XCRemoteSwiftPackageReference;
			repositoryURL = "https://github.com/hackiftekhar/IQKeyboardManager.git";
			requirement = {
				kind = upToNextMajorVersion;
				minimumVersion = 8.0.1;
			};
		};
/* End XCRemoteSwiftPackageReference section */

/* Begin XCSwiftPackageProductDependency section */
		0283FD1B2E44B1BC0028694A /* IQKeyboardManagerSwift */ = {
			isa = XCSwiftPackageProductDependency;
			package = 0283FD1A2E44B1BC0028694A /* XCRemoteSwiftPackageReference "IQKeyboardManager" */;
			productName = IQKeyboardManagerSwift;
		};
/* End XCSwiftPackageProductDependency section */
	};
	rootObject = 2A5244C22E38FEFF002C2057 /* Project object */;
}
