// !$*UTF8*$!
{
	archiveVersion = 1;
	classes = {
	};
	objectVersion = 70;
	objects = {

/* Begin PBXBuildFile section */
		2A5245022E38FFB6002C2057 /* README.md in Resources */ = {isa = PBXBuildFile; fileRef = 2A5245012E38FFB0002C2057 /* README.md */; };
/* End PBXBuildFile section */

/* Begin PBXContainerItemProxy section */
		2A5244E12E38FF01002C2057 /* PBXContainerItemProxy */ = {
			isa = PBXContainerItemProxy;
			containerPortal = 2A5244C22E38FEFF002C2057 /* Project object */;
			proxyType = 1;
			remoteGlobalIDString = 2A5244C92E38FEFF002C2057;
			remoteInfo = "Flash-Chat-iOS18";
		};
		2A5244EB2E38FF01002C2057 /* PBXContainerItemProxy */ = {
			isa = PBXContainerItemProxy;
			containerPortal = 2A5244C22E38FEFF002C2057 /* Project object */;
			proxyType = 1;
			remoteGlobalIDString = 2A5244C92E38FEFF002C2057;
			remoteInfo = "Flash-Chat-iOS18";
		};
/* End PBXContainerItemProxy section */

/* Begin PBXFileReference section */
		2A5244CA2E38FEFF002C2057 /* Flash-Chat-iOS18.app */ = {isa = PBXFileReference; explicitFileType = wrapper.application; includeInIndex = 0; path = "Flash-Chat-iOS18.app"; sourceTree = BUILT_PRODUCTS_DIR; };
		2A5244E02E38FF01002C2057 /* Flash-Chat-iOS18Tests.xctest */ = {isa = PBXFileReference; explicitFileType = wrapper.cfbundle; includeInIndex = 0; path = "Flash-Chat-iOS18Tests.xctest"; sourceTree = BUILT_PRODUCTS_DIR; };
		2A5244EA2E38FF01002C2057 /* Flash-Chat-iOS18UITests.xctest */ = {isa = PBXFileReference; explicitFileType = wrapper.cfbundle; includeInIndex = 0; path = "Flash-Chat-iOS18UITests.xctest"; sourceTree = BUILT_PRODUCTS_DIR; };
		2A5245012E38FFB0002C2057 /* README.md */ = {isa = PBXFileReference; lastKnownFileType = net.daringfireball.markdown; path = README.md; sourceTree = "<group>"; };
/* End PBXFileReference section */

/* Begin PBXFileSystemSynchronizedBuildFileExceptionSet section */
		2A5244F22E38FF01002C2057 /* PBXFileSystemSynchronizedBuildFileExceptionSet */ = {
			isa = PBXFileSystemSynchronizedBuildFileExceptionSet;
			membershipExceptions = (
				Info.plist,
			);
			target = 2A5244C92E38FEFF002C2057 /* Flash-Chat-iOS18 */;
		};
/* End PBXFileSystemSynchronizedBuildFileExceptionSet section */

/* Begin PBXFileSystemSynchronizedRootGroup section */
		2A5244CC2E38FEFF002C2057 /* Flash-Chat-iOS18 */ = {isa = PBXFileSystemSynchronizedRootGroup; exceptions = (2A5244F22E38FF01002C2057 /* PBXFileSystemSynchronizedBuildFileExceptionSet */, ); explicitFileTypes = {}; explicitFolders = (); path = "Flash-Chat-iOS18"; sourceTree = "<group>"; };
		2A5244E32E38FF01002C2057 /* Flash-Chat-iOS18Tests */ = {isa = PBXFileSystemSynchronizedRootGroup; explicitFileTypes = {}; explicitFolders = (); path = "Flash-Chat-iOS18Tests"; sourceTree = "<group>"; };
		2A5244ED2E38FF01002C2057 /* Flash-Chat-iOS18UITests */ = {isa = PBXFileSystemSynchronizedRootGroup; explicitFileTypes = {}; explicitFolders = (); path = "Flash-Chat-iOS18UITests"; sourceTree = "<group>"; };
/* End PBXFileSystemSynchronizedRootGroup section */

/* Begin PBXFrameworksBuildPhase section */
		2A5244C72E38FEFF002C2057 /* Frameworks */ = {
			isa = PBXFrameworksBuildPhase;
			buildActionMask = 2147483647;
			files = (
			);
			runOnlyForDeploymentPostprocessing = 0;
		};
		2A5244DD2E38FF01002C2057 /* Frameworks */ = {
			isa = PBXFrameworksBuildPhase;
			buildActionMask = 2147483647;
			files = (
			);
			runOnlyForDeploymentPostprocessing = 0;
		};
		2A5244E72E38FF01002C2057 /* Frameworks */ = {
			isa = PBXFrameworksBuildPhase;
			buildActionMask = 2147483647;
			files = (
			);
			runOnlyForDeploymentPostprocessing = 0;
		};
/* End PBXFrameworksBuildPhase section */

/* Begin PBXGroup section */
		2A5244C12E38FEFF002C2057 = {
			isa = PBXGroup;
			children = (
				2A5245012E38FFB0002C2057 /* README.md */,
				2A5244CC2E38FEFF002C2057 /* Flash-Chat-iOS18 */,
				2A5244E32E38FF01002C2057 /* Flash-Chat-iOS18Tests */,
				2A5244ED2E38FF01002C2057 /* Flash-Chat-iOS18UITests */,
				2A5244CB2E38FEFF002C2057 /* Products */,
			);
			sourceTree = "<group>";
		};
		2A5244CB2E38FEFF002C2057 /* Products */ = {
			isa = PBXGroup;
			children = (
				2A5244CA2E38FEFF002C2057 /* Flash-Chat-iOS18.app */,
				2A5244E02E38FF01002C2057 /* Flash-Chat-iOS18Tests.xctest */,
				2A5244EA2E38FF01002C2057 /* Flash-Chat-iOS18UITests.xctest */,
			);
			name = Products;
			sourceTree = "<group>";
		};
/* End PBXGroup section */

/* Begin PBXNativeTarget section */
		2A5244C92E38FEFF002C2057 /* Flash-Chat-iOS18 */ = {
			isa = PBXNativeTarget;
			buildConfigurationList = 2A5244F32E38FF01002C2057 /* Build configuration list for PBXNativeTarget "Flash-Chat-iOS18" */;
			buildPhases = (
				2A5244C62E38FEFF002C2057 /* Sources */,
				2A5244C72E38FEFF002C2057 /* Frameworks */,
				2A5244C82E38FEFF002C2057 /* Resources */,
			);
			buildRules = (
			);
			dependencies = (
			);
			fileSystemSynchronizedGroups = (
				2A5244CC2E38FEFF002C2057 /* Flash-Chat-iOS18 */,
			);
			name = "Flash-Chat-iOS18";
			packageProductDependencies = (
			);
			productName = "Flash-Chat-iOS18";
			productReference = 2A5244CA2E38FEFF002C2057 /* Flash-Chat-iOS18.app */;
			productType = "com.apple.product-type.application";
		};
		2A5244DF2E38FF01002C2057 /* Flash-Chat-iOS18Tests */ = {
			isa = PBXNativeTarget;
			buildConfigurationList = 2A5244F82E38FF01002C2057 /* Build configuration list for PBXNativeTarget "Flash-Chat-iOS18Tests" */;
			buildPhases = (
				2A5244DC2E38FF01002C2057 /* Sources */,
				2A5244DD2E38FF01002C2057 /* Frameworks */,
				2A5244DE2E38FF01002C2057 /* Resources */,
			);
			buildRules = (
			);
			dependencies = (
				2A5244E22E38FF01002C2057 /* PBXTargetDependency */,
			);
			fileSystemSynchronizedGroups = (
				2A5244E32E38FF01002C2057 /* Flash-Chat-iOS18Tests */,
			);
			name = "Flash-Chat-iOS18Tests";
			packageProductDependencies = (
			);
			productName = "Flash-Chat-iOS18Tests";
			productReference = 2A5244E02E38FF01002C2057 /* Flash-Chat-iOS18Tests.xctest */;
			productType = "com.apple.product-type.bundle.unit-test";
		};
		2A5244E92E38FF01002C2057 /* Flash-Chat-iOS18UITests */ = {
			isa = PBXNativeTarget;
			buildConfigurationList = 2A5244FB2E38FF01002C2057 /* Build configuration list for PBXNativeTarget "Flash-Chat-iOS18UITests" */;
			buildPhases = (
				2A5244E62E38FF01002C2057 /* Sources */,
				2A5244E72E38FF01002C2057 /* Frameworks */,
				2A5244E82E38FF01002C2057 /* Resources */,
			);
			buildRules = (
			);
			dependencies = (
				2A5244EC2E38FF01002C2057 /* PBXTargetDependency */,
			);
			fileSystemSynchronizedGroups = (
				2A5244ED2E38FF01002C2057 /* Flash-Chat-iOS18UITests */,
			);
			name = "Flash-Chat-iOS18UITests";
			packageProductDependencies = (
			);
			productName = "Flash-Chat-iOS18UITests";
			productReference = 2A5244EA2E38FF01002C2057 /* Flash-Chat-iOS18UITests.xctest */;
			productType = "com.apple.product-type.bundle.ui-testing";
		};
/* End PBXNativeTarget section */

/* Begin PBXProject section */
		2A5244C22E38FEFF002C2057 /* Project object */ = {
			isa = PBXProject;
			attributes = {
				BuildIndependentTargetsInParallel = 1;
				LastSwiftUpdateCheck = 1620;
				LastUpgradeCheck = 1620;
				TargetAttributes = {
					2A5244C92E38FEFF002C2057 = {
						CreatedOnToolsVersion = 16.2;
					};
					2A5244DF2E38FF01002C2057 = {
						CreatedOnToolsVersion = 16.2;
						TestTargetID = 2A5244C92E38FEFF002C2057;
					};
					2A5244E92E38FF01002C2057 = {
						CreatedOnToolsVersion = 16.2;
						TestTargetID = 2A5244C92E38FEFF002C2057;
					};
				};
			};
			buildConfigurationList = 2A5244C52E38FEFF002C2057 /* Build configuration list for PBXProject "Flash-Chat-iOS18" */;
			compatibilityVersion = "Xcode 13.0";
			developmentRegion = en;
			hasScannedForEncodings = 0;
			knownRegions = (
				en,
				Base,
			);
			mainGroup = 2A5244C12E38FEFF002C2057;
			minimizedProjectReferenceProxies = 1;
			productRefGroup = 2A5244CB2E38FEFF002C2057 /* Products */;
			projectDirPath = "";
			projectRoot = "";
			targets = (
				2A5244C92E38FEFF002C2057 /* Flash-Chat-iOS18 */,
				2A5244DF2E38FF01002C2057 /* Flash-Chat-iOS18Tests */,
				2A5244E92E38FF01002C2057 /* Flash-Chat-iOS18UITests */,
			);
		};
/* End PBXProject section */

/* Begin PBXResourcesBuildPhase section */
		2A5244C82E38FEFF002C2057 /* Resources */ = {
			isa = PBXResourcesBuildPhase;
			buildActionMask = 2147483647;
			files = (
				2A5245022E38FFB6002C2057 /* README.md in Resources */,
			);
			runOnlyForDeploymentPostprocessing = 0;
		};
		2A5244DE2E38FF01002C2057 /* Resources */ = {
			isa = PBXResourcesBuildPhase;
			buildActionMask = 2147483647;
			files = (
			);
			runOnlyForDeploymentPostprocessing = 0;
		};
		2A5244E82E38FF01002C2057 /* Resources */ = {
			isa = PBXResourcesBuildPhase;
			buildActionMask = 2147483647;
			files = (
			);
			runOnlyForDeploymentPostprocessing = 0;
		};
/* End PBXResourcesBuildPhase section */

/* Begin PBXSourcesBuildPhase section */
		2A5244C62E38FEFF002C2057 /* Sources */ = {
			isa = PBXSourcesBuildPhase;
			buildActionMask = 2147483647;
			files = (
			);
			runOnlyForDeploymentPostprocessing = 0;
		};
		2A5244DC2E38FF01002C2057 /* Sources */ = {
			isa = PBXSourcesBuildPhase;
			buildActionMask = 2147483647;
			files = (
			);
			runOnlyForDeploymentPostprocessing = 0;
		};
		2A5244E62E38FF01002C2057 /* Sources */ = {
			isa = PBXSourcesBuildPhase;
			buildActionMask = 2147483647;
			files = (
			);
			runOnlyForDeploymentPostprocessing = 0;
		};
/* End PBXSourcesBuildPhase section */

/* Begin PBXTargetDependency section */
		2A5244E22E38FF01002C2057 /* PBXTargetDependency */ = {
			isa = PBXTargetDependency;
			target = 2A5244C92E38FEFF002C2057 /* Flash-Chat-iOS18 */;
			targetProxy = 2A5244E12E38FF01002C2057 /* PBXContainerItemProxy */;
		};
		2A5244EC2E38FF01002C2057 /* PBXTargetDependency */ = {
			isa = PBXTargetDependency;
			target = 2A5244C92E38FEFF002C2057 /* Flash-Chat-iOS18 */;
			targetProxy = 2A5244EB2E38FF01002C2057 /* PBXContainerItemProxy */;
		};
/* End PBXTargetDependency section */

/* Begin XCBuildConfiguration section */
		2A5244F42E38FF01002C2057 /* Debug */ = {
			isa = XCBuildConfiguration;
			buildSettings = {
				ASSETCATALOG_COMPILER_APPICON_NAME = AppIcon;
				ASSETCATALOG_COMPILER_GLOBAL_ACCENT_COLOR_NAME = AccentColor;
				CODE_SIGN_STYLE = Automatic;
				CURRENT_PROJECT_VERSION = 1;
				GENERATE_INFOPLIST_FILE = YES;
				INFOPLIST_FILE = "Flash-Chat-iOS18/Info.plist";
				INFOPLIST_KEY_UIApplicationSupportsIndirectInputEvents = YES;
				INFOPLIST_KEY_UILaunchStoryboardName = LaunchScreen;
				INFOPLIST_KEY_UIMainStoryboardFile = Main;
				INFOPLIST_KEY_UISupportedInterfaceOrientations_iPad = "UIInterfaceOrientationPortrait UIInterfaceOrientationPortraitUpsideDown UIInterfaceOrientationLandscapeLeft UIInterfaceOrientationLandscapeRight";
				INFOPLIST_KEY_UISupportedInterfaceOrientations_iPhone = "UIInterfaceOrientationPortrait UIInterfaceOrientationLandscapeLeft UIInterfaceOrientationLandscapeRight";
				IPHONEOS_DEPLOYMENT_TARGET = 15.6;
				LD_RUNPATH_SEARCH_PATHS = (
					"$(inherited)",
					"@executable_path/Frameworks",
				);
				MARKETING_VERSION = 1.0;
				PRODUCT_BUNDLE_IDENTIFIER = "com.logixphere.Flash-Chat-iOS18";
				PRODUCT_NAME = "$(TARGET_NAME)";
				SWIFT_EMIT_LOC_STRINGS = YES;
				SWIFT_VERSION = 5.0;
				TARGETED_DEVICE_FAMILY = "1,2";
			};
			name = Debug;
		};
		2A5244F52E38FF01002C2057 /* Release */ = {
			isa = XCBuildConfiguration;
			buildSettings = {
				ASSETCATALOG_COMPILER_APPICON_NAME = AppIcon;
				ASSETCATALOG_COMPILER_GLOBAL_ACCENT_COLOR_NAME = AccentColor;
				CODE_SIGN_STYLE = Automatic;
				CURRENT_PROJECT_VERSION = 1;
				GENERATE_INFOPLIST_FILE = YES;
				INFOPLIST_FILE = "Flash-Chat-iOS18/Info.plist";
				INFOPLIST_KEY_UIApplicationSupportsIndirectInputEvents = YES;
				INFOPLIST_KEY_UILaunchStoryboardName = LaunchScreen;
				INFOPLIST_KEY_UIMainStoryboardFile = Main;
				INFOPLIST_KEY_UISupportedInterfaceOrientations_iPad = "UIInterfaceOrientationPortrait UIInterfaceOrientationPortraitUpsideDown UIInterfaceOrientationLandscapeLeft UIInterfaceOrientationLandscapeRight";
				INFOPLIST_KEY_UISupportedInterfaceOrientations_iPhone = "UIInterfaceOrientationPortrait UIInterfaceOrientationLandscapeLeft UIInterfaceOrientationLandscapeRight";
				IPHONEOS_DEPLOYMENT_TARGET = 15.6;
				LD_RUNPATH_SEARCH_PATHS = (
					"$(inherited)",
					"@executable_path/Frameworks",
				);
				MARKETING_VERSION = 1.0;
				PRODUCT_BUNDLE_IDENTIFIER = "com.logixphere.Flash-Chat-iOS18";
				PRODUCT_NAME = "$(TARGET_NAME)";
				SWIFT_EMIT_LOC_STRINGS = YES;
				SWIFT_VERSION = 5.0;
				TARGETED_DEVICE_FAMILY = "1,2";
			};
			name = Release;
		};
		2A5244F62E38FF01002C2057 /* Debug */ = {
			isa = XCBuildConfiguration;
			buildSettings = {
				ALWAYS_SEARCH_USER_PATHS = NO;
				ASSETCATALOG_COMPILER_GENERATE_SWIFT_ASSET_SYMBOL_EXTENSIONS = YES;
				CLANG_ANALYZER_NONNULL = YES;
				CLANG_ANALYZER_NUMBER_OBJECT_CONVERSION = YES_AGGRESSIVE;
				CLANG_CXX_LANGUAGE_STANDARD = "gnu++20";
				CLANG_ENABLE_MODULES = YES;
				CLANG_ENABLE_OBJC_ARC = YES;
				CLANG_ENABLE_OBJC_WEAK = YES;
				CLANG_WARN_BLOCK_CAPTURE_AUTORELEASING = YES;
				CLANG_WARN_BOOL_CONVERSION = YES;
				CLANG_WARN_COMMA = YES;
				CLANG_WARN_CONSTANT_CONVERSION = YES;
				CLANG_WARN_DEPRECATED_OBJC_IMPLEMENTATIONS = YES;
				CLANG_WARN_DIRECT_OBJC_ISA_USAGE = YES_ERROR;
				CLANG_WARN_DOCUMENTATION_COMMENTS = YES;
				CLANG_WARN_EMPTY_BODY = YES;
				CLANG_WARN_ENUM_CONVERSION = YES;
				CLANG_WARN_INFINITE_RECURSION = YES;
				CLANG_WARN_INT_CONVERSION = YES;
				CLANG_WARN_NON_LITERAL_NULL_CONVERSION = YES;
				CLANG_WARN_OBJC_IMPLICIT_RETAIN_SELF = YES;
				CLANG_WARN_OBJC_LITERAL_CONVERSION = YES;
				CLANG_WARN_OBJC_ROOT_CLASS = YES_ERROR;
				CLANG_WARN_QUOTED_INCLUDE_IN_FRAMEWORK_HEADER = YES;
				CLANG_WARN_RANGE_LOOP_ANALYSIS = YES;
				CLANG_WARN_STRICT_PROTOTYPES = YES;
				CLANG_WARN_SUSPICIOUS_MOVE = YES;
				CLANG_WARN_UNGUARDED_AVAILABILITY = YES_AGGRESSIVE;
				CLANG_WARN_UNREACHABLE_CODE = YES;
				CLANG_WARN__DUPLICATE_METHOD_MATCH = YES;
				COPY_PHASE_STRIP = NO;
				DEBUG_INFORMATION_FORMAT = dwarf;
				ENABLE_STRICT_OBJC_MSGSEND = YES;
				ENABLE_TESTABILITY = YES;
				ENABLE_USER_SCRIPT_SANDBOXING = YES;
				GCC_C_LANGUAGE_STANDARD = gnu17;
				GCC_DYNAMIC_NO_PIC = NO;
				GCC_NO_COMMON_BLOCKS = YES;
				GCC_OPTIMIZATION_LEVEL = 0;
				GCC_PREPROCESSOR_DEFINITIONS = (
					"DEBUG=1",
					"$(inherited)",
				);
				GCC_WARN_64_TO_32_BIT_CONVERSION = YES;
				GCC_WARN_ABOUT_RETURN_TYPE = YES_ERROR;
				GCC_WARN_UNDECLARED_SELECTOR = YES;
				GCC_WARN_UNINITIALIZED_AUTOS = YES_AGGRESSIVE;
				GCC_WARN_UNUSED_FUNCTION = YES;
				GCC_WARN_UNUSED_VARIABLE = YES;
				IPHONEOS_DEPLOYMENT_TARGET = 18.2;
				LOCALIZATION_PREFERS_STRING_CATALOGS = YES;
				MTL_ENABLE_DEBUG_INFO = INCLUDE_SOURCE;
				MTL_FAST_MATH = YES;
				ONLY_ACTIVE_ARCH = YES;
				SDKROOT = iphoneos;
				SWIFT_ACTIVE_COMPILATION_CONDITIONS = "DEBUG $(inherited)";
				SWIFT_OPTIMIZATION_LEVEL = "-Onone";
			};
			name = Debug;
		};
		2A5244F72E38FF01002C2057 /* Release */ = {
			isa = XCBuildConfiguration;
			buildSettings = {
				ALWAYS_SEARCH_USER_PATHS = NO;
				ASSETCATALOG_COMPILER_GENERATE_SWIFT_ASSET_SYMBOL_EXTENSIONS = YES;
				CLANG_ANALYZER_NONNULL = YES;
				CLANG_ANALYZER_NUMBER_OBJECT_CONVERSION = YES_AGGRESSIVE;
				CLANG_CXX_LANGUAGE_STANDARD = "gnu++20";
				CLANG_ENABLE_MODULES = YES;
				CLANG_ENABLE_OBJC_ARC = YES;
				CLANG_ENABLE_OBJC_WEAK = YES;
				CLANG_WARN_BLOCK_CAPTURE_AUTORELEASING = YES;
				CLANG_WARN_BOOL_CONVERSION = YES;
				CLANG_WARN_COMMA = YES;
				CLANG_WARN_CONSTANT_CONVERSION = YES;
				CLANG_WARN_DEPRECATED_OBJC_IMPLEMENTATIONS = YES;
				CLANG_WARN_DIRECT_OBJC_ISA_USAGE = YES_ERROR;
				CLANG_WARN_DOCUMENTATION_COMMENTS = YES;
				CLANG_WARN_EMPTY_BODY = YES;
				CLANG_WARN_ENUM_CONVERSION = YES;
				CLANG_WARN_INFINITE_RECURSION = YES;
				CLANG_WARN_INT_CONVERSION = YES;
				CLANG_WARN_NON_LITERAL_NULL_CONVERSION = YES;
				CLANG_WARN_OBJC_IMPLICIT_RETAIN_SELF = YES;
				CLANG_WARN_OBJC_LITERAL_CONVERSION = YES;
				CLANG_WARN_OBJC_ROOT_CLASS = YES_ERROR;
				CLANG_WARN_QUOTED_INCLUDE_IN_FRAMEWORK_HEADER = YES;
				CLANG_WARN_RANGE_LOOP_ANALYSIS = YES;
				CLANG_WARN_STRICT_PROTOTYPES = YES;
				CLANG_WARN_SUSPICIOUS_MOVE = YES;
				CLANG_WARN_UNGUARDED_AVAILABILITY = YES_AGGRESSIVE;
				CLANG_WARN_UNREACHABLE_CODE = YES;
				CLANG_WARN__DUPLICATE_METHOD_MATCH = YES;
				COPY_PHASE_STRIP = NO;
				DEBUG_INFORMATION_FORMAT = "dwarf-with-dsym";
				ENABLE_NS_ASSERTIONS = NO;
				ENABLE_STRICT_OBJC_MSGSEND = YES;
				ENABLE_USER_SCRIPT_SANDBOXING = YES;
				GCC_C_LANGUAGE_STANDARD = gnu17;
				GCC_NO_COMMON_BLOCKS = YES;
				GCC_WARN_64_TO_32_BIT_CONVERSION = YES;
				GCC_WARN_ABOUT_RETURN_TYPE = YES_ERROR;
				GCC_WARN_UNDECLARED_SELECTOR = YES;
				GCC_WARN_UNINITIALIZED_AUTOS = YES_AGGRESSIVE;
				GCC_WARN_UNUSED_FUNCTION = YES;
				GCC_WARN_UNUSED_VARIABLE = YES;
				IPHONEOS_DEPLOYMENT_TARGET = 18.2;
				LOCALIZATION_PREFERS_STRING_CATALOGS = YES;
				MTL_ENABLE_DEBUG_INFO = NO;
				MTL_FAST_MATH = YES;
				SDKROOT = iphoneos;
				SWIFT_COMPILATION_MODE = wholemodule;
				VALIDATE_PRODUCT = YES;
			};
			name = Release;
		};
		2A5244F92E38FF01002C2057 /* Debug */ = {
			isa = XCBuildConfiguration;
			buildSettings = {
				BUNDLE_LOADER = "$(TEST_HOST)";
				CODE_SIGN_STYLE = Automatic;
				CURRENT_PROJECT_VERSION = 1;
				GENERATE_INFOPLIST_FILE = YES;
				IPHONEOS_DEPLOYMENT_TARGET = 18.2;
				MARKETING_VERSION = 1.0;
				PRODUCT_BUNDLE_IDENTIFIER = "com.logixphere.Flash-Chat-iOS18Tests";
				PRODUCT_NAME = "$(TARGET_NAME)";
				SWIFT_EMIT_LOC_STRINGS = NO;
				SWIFT_VERSION = 5.0;
				TARGETED_DEVICE_FAMILY = "1,2";
				TEST_HOST = "$(BUILT_PRODUCTS_DIR)/Flash-Chat-iOS18.app/$(BUNDLE_EXECUTABLE_FOLDER_PATH)/Flash-Chat-iOS18";
			};
			name = Debug;
		};
		2A5244FA2E38FF01002C2057 /* Release */ = {
			isa = XCBuildConfiguration;
			buildSettings = {
				BUNDLE_LOADER = "$(TEST_HOST)";
				CODE_SIGN_STYLE = Automatic;
				CURRENT_PROJECT_VERSION = 1;
				GENERATE_INFOPLIST_FILE = YES;
				IPHONEOS_DEPLOYMENT_TARGET = 18.2;
				MARKETING_VERSION = 1.0;
				PRODUCT_BUNDLE_IDENTIFIER = "com.logixphere.Flash-Chat-iOS18Tests";
				PRODUCT_NAME = "$(TARGET_NAME)";
				SWIFT_EMIT_LOC_STRINGS = NO;
				SWIFT_VERSION = 5.0;
				TARGETED_DEVICE_FAMILY = "1,2";
				TEST_HOST = "$(BUILT_PRODUCTS_DIR)/Flash-Chat-iOS18.app/$(BUNDLE_EXECUTABLE_FOLDER_PATH)/Flash-Chat-iOS18";
			};
			name = Release;
		};
		2A5244FC2E38FF01002C2057 /* Debug */ = {
			isa = XCBuildConfiguration;
			buildSettings = {
				CODE_SIGN_STYLE = Automatic;
				CURRENT_PROJECT_VERSION = 1;
				GENERATE_INFOPLIST_FILE = YES;
				MARKETING_VERSION = 1.0;
				PRODUCT_BUNDLE_IDENTIFIER = "com.logixphere.Flash-Chat-iOS18UITests";
				PRODUCT_NAME = "$(TARGET_NAME)";
				SWIFT_EMIT_LOC_STRINGS = NO;
				SWIFT_VERSION = 5.0;
				TARGETED_DEVICE_FAMILY = "1,2";
				TEST_TARGET_NAME = "Flash-Chat-iOS18";
			};
			name = Debug;
		};
		2A5244FD2E38FF01002C2057 /* Release */ = {
			isa = XCBuildConfiguration;
			buildSettings = {
				CODE_SIGN_STYLE = Automatic;
				CURRENT_PROJECT_VERSION = 1;
				GENERATE_INFOPLIST_FILE = YES;
				MARKETING_VERSION = 1.0;
				PRODUCT_BUNDLE_IDENTIFIER = "com.logixphere.Flash-Chat-iOS18UITests";
				PRODUCT_NAME = "$(TARGET_NAME)";
				SWIFT_EMIT_LOC_STRINGS = NO;
				SWIFT_VERSION = 5.0;
				TARGETED_DEVICE_FAMILY = "1,2";
				TEST_TARGET_NAME = "Flash-Chat-iOS18";
			};
			name = Release;
		};
/* End XCBuildConfiguration section */

/* Begin XCConfigurationList section */
		2A5244C52E38FEFF002C2057 /* Build configuration list for PBXProject "Flash-Chat-iOS18" */ = {
			isa = XCConfigurationList;
			buildConfigurations = (
				2A5244F62E38FF01002C2057 /* Debug */,
				2A5244F72E38FF01002C2057 /* Release */,
			);
			defaultConfigurationIsVisible = 0;
			defaultConfigurationName = Release;
		};
		2A5244F32E38FF01002C2057 /* Build configuration list for PBXNativeTarget "Flash-Chat-iOS18" */ = {
			isa = XCConfigurationList;
			buildConfigurations = (
				2A5244F42E38FF01002C2057 /* Debug */,
				2A5244F52E38FF01002C2057 /* Release */,
			);
			defaultConfigurationIsVisible = 0;
			defaultConfigurationName = Release;
		};
		2A5244F82E38FF01002C2057 /* Build configuration list for PBXNativeTarget "Flash-Chat-iOS18Tests" */ = {
			isa = XCConfigurationList;
			buildConfigurations = (
				2A5244F92E38FF01002C2057 /* Debug */,
				2A5244FA2E38FF01002C2057 /* Release */,
			);
			defaultConfigurationIsVisible = 0;
			defaultConfigurationName = Release;
		};
		2A5244FB2E38FF01002C2057 /* Build configuration list for PBXNativeTarget "Flash-Chat-iOS18UITests" */ = {
			isa = XCConfigurationList;
			buildConfigurations = (
				2A5244FC2E38FF01002C2057 /* Debug */,
				2A5244FD2E38FF01002C2057 /* Release */,
			);
			defaultConfigurationIsVisible = 0;
			defaultConfigurationName = Release;
		};
/* End XCConfigurationList section */
	};
	rootObject = 2A5244C22E38FEFF002C2057 /* Project object */;
}
